
Microsoft Visual Studio Solution File, Format Version 12.00
# Visual Studio Version 17
VisualStudioVersion = 17.3.32825.248
MinimumVisualStudioVersion = 10.0.40219.1
Project("{FAE04EC0-301F-11D3-BF4B-00C04F79EFBC}") = "DrinksMenuMVC", "DrinksMenuMVC\DrinksMenuMVC.csproj", "{8178D0B0-786F-4DF1-B715-B7179E3E46A5}"
EndProject
Global
	GlobalSection(SolutionConfigurationPlatforms) = preSolution
		Debug|Any CPU = Debug|Any CPU
		Release|Any CPU = Release|Any CPU
	EndGlobalSection
	GlobalSection(ProjectConfigurationPlatforms) = postSolution
		{8178D0B0-786F-4DF1-B715-B7179E3E46A5}.Debug|Any CPU.ActiveCfg = Debug|Any CPU
		{8178D0B0-786F-4DF1-B715-B7179E3E46A5}.Debug|Any CPU.Build.0 = Debug|Any CPU
		{8178D0B0-786F-4DF1-B715-B7179E3E46A5}.Release|Any CPU.ActiveCfg = Release|Any CPU
		{8178D0B0-786F-4DF1-B715-B7179E3E46A5}.Release|Any CPU.Build.0 = Release|Any CPU
	EndGlobalSection
	GlobalSection(SolutionProperties) = preSolution
		HideSolutionNode = FALSE
	EndGlobalSection
	GlobalSection(ExtensibilityGlobals) = postSolution
		SolutionGuid = {F370D87B-38FC-4587-9D64-358D937EEF78}
	EndGlobalSection
EndGlobal
